{
  "name": "rc_website",
  "version": "1.0.0",
  "lockfileVersion": 2,
  "requires": true,
  "packages": {
    "": {
      "name": "rc_website",
      "version": "1.0.0",
      "license": "ISC",
      "dependencies": {
        "transition-style": "^0.1.1"
      }
    },
    "node_modules/transition-style": {
      "version": "0.1.1",
      "resolved": "https://registry.npmjs.org/transition-style/-/transition-style-0.1.1.tgz",
      "integrity": "sha512-ZUSoAc9Z0Mk1yTz56seE7Hv7aY2Et8DZ9fINDl+KGr2pYJ5ExUFwRHHUzbM73Jvpjv3GjWtJRCD/G7JWDVghyQ=="
    }
  },
  "dependencies": {
    "transition-style": {
      "version": "0.1.1",
      "resolved": "https://registry.npmjs.org/transition-style/-/transition-style-0.1.1.tgz",
      "integrity": "sha512-ZUSoAc9Z0Mk1yTz56seE7Hv7aY2Et8DZ9fINDl+KGr2pYJ5ExUFwRHHUzbM73Jvpjv3GjWtJRCD/G7JWDVghyQ=="
    }
  }
}
